
Microsoft Visual Studio Solution File, Format Version 12.00
# Visual Studio Version 16
VisualStudioVersion = 16.0.29613.14
MinimumVisualStudioVersion = 10.0.40219.1
Project("{FAE04EC0-301F-11D3-BF4B-00C04F79EFBC}") = "JSONfile", "JSONfile\JSONfile.csproj", "{3A977C69-C9B5-4237-B839-17C20943149D}"
EndProject
Global
	GlobalSection(SolutionConfigurationPlatforms) = preSolution
		Debug|Any CPU = Debug|Any CPU
		Release|Any CPU = Release|Any CPU
	EndGlobalSection
	GlobalSection(ProjectConfigurationPlatforms) = postSolution
		{3A977C69-C9B5-4237-B839-17C20943149D}.Debug|Any CPU.ActiveCfg = Debug|Any CPU
		{3A977C69-C9B5-4237-B839-17C20943149D}.Debug|Any CPU.Build.0 = Debug|Any CPU
		{3A977C69-C9B5-4237-B839-17C20943149D}.Release|Any CPU.ActiveCfg = Release|Any CPU
		{3A977C69-C9B5-4237-B839-17C20943149D}.Release|Any CPU.Build.0 = Release|Any CPU
	EndGlobalSection
	GlobalSection(SolutionProperties) = preSolution
		HideSolutionNode = FALSE
	EndGlobalSection
	GlobalSection(ExtensibilityGlobals) = postSolution
		SolutionGuid = {36C647A8-A3BF-4DBD-A1B9-A9050350A18E}
	EndGlobalSection
EndGlobal
