
Microsoft Visual Studio Solution File, Format Version 12.00
# Visual Studio 15
VisualStudioVersion = 15.0.28306.52
MinimumVisualStudioVersion = 10.0.40219.1
Project("{FAE04EC0-301F-11D3-BF4B-00C04F79EFBC}") = "QueueExample", "QueueExample\QueueExample.csproj", "{20AF0CDE-2373-4D8D-8742-9333D68D885E}"
EndProject
Global
	GlobalSection(SolutionConfigurationPlatforms) = preSolution
		Debug|Any CPU = Debug|Any CPU
		Release|Any CPU = Release|Any CPU
	EndGlobalSection
	GlobalSection(ProjectConfigurationPlatforms) = postSolution
		{20AF0CDE-2373-4D8D-8742-9333D68D885E}.Debug|Any CPU.ActiveCfg = Debug|Any CPU
		{20AF0CDE-2373-4D8D-8742-9333D68D885E}.Debug|Any CPU.Build.0 = Debug|Any CPU
		{20AF0CDE-2373-4D8D-8742-9333D68D885E}.Release|Any CPU.ActiveCfg = Release|Any CPU
		{20AF0CDE-2373-4D8D-8742-9333D68D885E}.Release|Any CPU.Build.0 = Release|Any CPU
	EndGlobalSection
	GlobalSection(SolutionProperties) = preSolution
		HideSolutionNode = FALSE
	EndGlobalSection
	GlobalSection(ExtensibilityGlobals) = postSolution
		SolutionGuid = {8B392F51-8D96-417F-B2E5-B822329D9EBF}
	EndGlobalSection
EndGlobal
