
Microsoft Visual Studio Solution File, Format Version 12.00
# Visual Studio 15
VisualStudioVersion = 15.0.28306.52
MinimumVisualStudioVersion = 10.0.40219.1
Project("{FAE04EC0-301F-11D3-BF4B-00C04F79EFBC}") = "OptionalParameter", "OptionalParameter\OptionalParameter.csproj", "{51EB8CFE-F84C-4E24-B538-482EF447A882}"
EndProject
Global
	GlobalSection(SolutionConfigurationPlatforms) = preSolution
		Debug|Any CPU = Debug|Any CPU
		Release|Any CPU = Release|Any CPU
	EndGlobalSection
	GlobalSection(ProjectConfigurationPlatforms) = postSolution
		{51EB8CFE-F84C-4E24-B538-482EF447A882}.Debug|Any CPU.ActiveCfg = Debug|Any CPU
		{51EB8CFE-F84C-4E24-B538-482EF447A882}.Debug|Any CPU.Build.0 = Debug|Any CPU
		{51EB8CFE-F84C-4E24-B538-482EF447A882}.Release|Any CPU.ActiveCfg = Release|Any CPU
		{51EB8CFE-F84C-4E24-B538-482EF447A882}.Release|Any CPU.Build.0 = Release|Any CPU
	EndGlobalSection
	GlobalSection(SolutionProperties) = preSolution
		HideSolutionNode = FALSE
	EndGlobalSection
	GlobalSection(ExtensibilityGlobals) = postSolution
		SolutionGuid = {8FBA0D18-9AD3-47C8-B495-360518D60553}
	EndGlobalSection
EndGlobal
