
Microsoft Visual Studio Solution File, Format Version 12.00
# Visual Studio 15
VisualStudioVersion = 15.0.28306.52
MinimumVisualStudioVersion = 10.0.40219.1
Project("{FAE04EC0-301F-11D3-BF4B-00C04F79EFBC}") = "Struct", "Struct\Struct.csproj", "{FDD6A3E2-9B79-430F-9556-72999B3C5A74}"
EndProject
Global
	GlobalSection(SolutionConfigurationPlatforms) = preSolution
		Debug|Any CPU = Debug|Any CPU
		Release|Any CPU = Release|Any CPU
	EndGlobalSection
	GlobalSection(ProjectConfigurationPlatforms) = postSolution
		{FDD6A3E2-9B79-430F-9556-72999B3C5A74}.Debug|Any CPU.ActiveCfg = Debug|Any CPU
		{FDD6A3E2-9B79-430F-9556-72999B3C5A74}.Debug|Any CPU.Build.0 = Debug|Any CPU
		{FDD6A3E2-9B79-430F-9556-72999B3C5A74}.Release|Any CPU.ActiveCfg = Release|Any CPU
		{FDD6A3E2-9B79-430F-9556-72999B3C5A74}.Release|Any CPU.Build.0 = Release|Any CPU
	EndGlobalSection
	GlobalSection(SolutionProperties) = preSolution
		HideSolutionNode = FALSE
	EndGlobalSection
	GlobalSection(ExtensibilityGlobals) = postSolution
		SolutionGuid = {4B4EB229-4F5F-4CA8-9451-2D3CF5B5EDC5}
	EndGlobalSection
EndGlobal
