
Microsoft Visual Studio Solution File, Format Version 12.00
# Visual Studio 15
VisualStudioVersion = 15.0.28306.52
MinimumVisualStudioVersion = 10.0.40219.1
Project("{FAE04EC0-301F-11D3-BF4B-00C04F79EFBC}") = "RemoveRepeatLetters", "RemoveRepeatLetters\RemoveRepeatLetters.csproj", "{5CA9C53D-ED36-4164-A6C2-FBBC8A178D3D}"
EndProject
Global
	GlobalSection(SolutionConfigurationPlatforms) = preSolution
		Debug|Any CPU = Debug|Any CPU
		Release|Any CPU = Release|Any CPU
	EndGlobalSection
	GlobalSection(ProjectConfigurationPlatforms) = postSolution
		{5CA9C53D-ED36-4164-A6C2-FBBC8A178D3D}.Debug|Any CPU.ActiveCfg = Debug|Any CPU
		{5CA9C53D-ED36-4164-A6C2-FBBC8A178D3D}.Debug|Any CPU.Build.0 = Debug|Any CPU
		{5CA9C53D-ED36-4164-A6C2-FBBC8A178D3D}.Release|Any CPU.ActiveCfg = Release|Any CPU
		{5CA9C53D-ED36-4164-A6C2-FBBC8A178D3D}.Release|Any CPU.Build.0 = Release|Any CPU
	EndGlobalSection
	GlobalSection(SolutionProperties) = preSolution
		HideSolutionNode = FALSE
	EndGlobalSection
	GlobalSection(ExtensibilityGlobals) = postSolution
		SolutionGuid = {343ACD52-5952-4B65-BEB6-7706634DFF71}
	EndGlobalSection
EndGlobal
