
Microsoft Visual Studio Solution File, Format Version 12.00
# Visual Studio 15
VisualStudioVersion = 15.0.28306.52
MinimumVisualStudioVersion = 10.0.40219.1
Project("{FAE04EC0-301F-11D3-BF4B-00C04F79EFBC}") = "StackExample", "StackExample\StackExample.csproj", "{D2B541DC-6F3B-46AA-A3AA-2AF35F585F06}"
EndProject
Global
	GlobalSection(SolutionConfigurationPlatforms) = preSolution
		Debug|Any CPU = Debug|Any CPU
		Release|Any CPU = Release|Any CPU
	EndGlobalSection
	GlobalSection(ProjectConfigurationPlatforms) = postSolution
		{D2B541DC-6F3B-46AA-A3AA-2AF35F585F06}.Debug|Any CPU.ActiveCfg = Debug|Any CPU
		{D2B541DC-6F3B-46AA-A3AA-2AF35F585F06}.Debug|Any CPU.Build.0 = Debug|Any CPU
		{D2B541DC-6F3B-46AA-A3AA-2AF35F585F06}.Release|Any CPU.ActiveCfg = Release|Any CPU
		{D2B541DC-6F3B-46AA-A3AA-2AF35F585F06}.Release|Any CPU.Build.0 = Release|Any CPU
	EndGlobalSection
	GlobalSection(SolutionProperties) = preSolution
		HideSolutionNode = FALSE
	EndGlobalSection
	GlobalSection(ExtensibilityGlobals) = postSolution
		SolutionGuid = {D3981D68-2191-4BF1-B765-91E53C4AC545}
	EndGlobalSection
EndGlobal
