
Microsoft Visual Studio Solution File, Format Version 12.00
# Visual Studio 15
VisualStudioVersion = 15.0.28306.52
MinimumVisualStudioVersion = 10.0.40219.1
Project("{FAE04EC0-301F-11D3-BF4B-00C04F79EFBC}") = "ExceptionHandling2", "ExceptionHandling2\ExceptionHandling2.csproj", "{C137A89C-DE4B-4F63-8C46-40DB19F8256B}"
EndProject
Global
	GlobalSection(SolutionConfigurationPlatforms) = preSolution
		Debug|Any CPU = Debug|Any CPU
		Release|Any CPU = Release|Any CPU
	EndGlobalSection
	GlobalSection(ProjectConfigurationPlatforms) = postSolution
		{C137A89C-DE4B-4F63-8C46-40DB19F8256B}.Debug|Any CPU.ActiveCfg = Debug|Any CPU
		{C137A89C-DE4B-4F63-8C46-40DB19F8256B}.Debug|Any CPU.Build.0 = Debug|Any CPU
		{C137A89C-DE4B-4F63-8C46-40DB19F8256B}.Release|Any CPU.ActiveCfg = Release|Any CPU
		{C137A89C-DE4B-4F63-8C46-40DB19F8256B}.Release|Any CPU.Build.0 = Release|Any CPU
	EndGlobalSection
	GlobalSection(SolutionProperties) = preSolution
		HideSolutionNode = FALSE
	EndGlobalSection
	GlobalSection(ExtensibilityGlobals) = postSolution
		SolutionGuid = {3C3AB74A-4219-4C01-B98B-FFEFF30E1796}
	EndGlobalSection
EndGlobal
